
Microsoft Visual Studio Solution File, Format Version 12.00
# Visual Studio 15
VisualStudioVersion = 15.0.28307.539
MinimumVisualStudioVersion = 10.0.40219.1
Project("{9A19103F-16F7-4668-BE54-9A1E7A4F7556}") = "GetPhotoFunction", "GetPhotoFunction\GetPhotoFunction.csproj", "{49E14623-5263-4845-8A22-18D5345A6699}"
EndProject
Global
	GlobalSection(SolutionConfigurationPlatforms) = preSolution
		Debug|Any CPU = Debug|Any CPU
		Release|Any CPU = Release|Any CPU
	EndGlobalSection
	GlobalSection(ProjectConfigurationPlatforms) = postSolution
		{49E14623-5263-4845-8A22-18D5345A6699}.Debug|Any CPU.ActiveCfg = Debug|Any CPU
		{49E14623-5263-4845-8A22-18D5345A6699}.Debug|Any CPU.Build.0 = Debug|Any CPU
		{49E14623-5263-4845-8A22-18D5345A6699}.Release|Any CPU.ActiveCfg = Release|Any CPU
		{49E14623-5263-4845-8A22-18D5345A6699}.Release|Any CPU.Build.0 = Release|Any CPU
	EndGlobalSection
	GlobalSection(SolutionProperties) = preSolution
		HideSolutionNode = FALSE
	EndGlobalSection
	GlobalSection(ExtensibilityGlobals) = postSolution
		SolutionGuid = {DA60616D-7B88-4856-8B1C-DAD8C448BB1A}
	EndGlobalSection
EndGlobal
